
Microsoft Visual Studio Solution File, Format Version 12.00
# Visual Studio 2013
VisualStudioVersion = 12.0.30501.0
MinimumVisualStudioVersion = 10.0.40219.1
Project("{2150E333-8FDC-42A3-9474-1A3956D46DE8}") = "src", "src", "{6327C5F9-F006-48BF-BE4E-4C7AA9033166}"
EndProject
Project("{2150E333-8FDC-42A3-9474-1A3956D46DE8}") = "test", "test", "{0C835315-D45A-4F98-BC16-80E03808969E}"
EndProject
Project("{FAE04EC0-301F-11D3-BF4B-00C04F79EFBC}") = "EFC.Common.Client", "src\Experion.Common.Client\EFC.Common.Client.csproj", "{5C696C94-1FE2-4F86-9EC1-5258F60983D9}"
EndProject
Project("{FAE04EC0-301F-11D3-BF4B-00C04F79EFBC}") = "EFC.Common.Service", "src\Experion.Common.Service\EFC.Common.Service.csproj", "{11B548B9-2C7F-48D0-BB62-1AEC63FCDD39}"
EndProject
Project("{FAE04EC0-301F-11D3-BF4B-00C04F79EFBC}") = "EFC.Components", "src\Experion.Components\EFC.Components.csproj", "{0A64EF34-CEAD-4253-ADC5-8E554E648C53}"
EndProject
Project("{FAE04EC0-301F-11D3-BF4B-00C04F79EFBC}") = "EFC.Common.Client.Tests", "test\Experion.Common.Client.Tests\EFC.Common.Client.Tests.csproj", "{C09400A5-9860-4B30-8F3C-FF961061C3BE}"
EndProject
Project("{FAE04EC0-301F-11D3-BF4B-00C04F79EFBC}") = "EFC.Common.Tools", "src\Experion.Common.Tools\EFC.Common.Tools.csproj", "{77222C19-4959-403A-9B0C-8D7D36E72AC9}"
EndProject
Project("{FAE04EC0-301F-11D3-BF4B-00C04F79EFBC}") = "EFC.Common.Testing", "src\EFC.Common.Testing\EFC.Common.Testing.csproj", "{3E47C784-47B6-4056-99DF-C0D29BA5D274}"
EndProject
Project("{2150E333-8FDC-42A3-9474-1A3956D46DE8}") = ".nuget", ".nuget", "{84209DFF-C9F1-44DC-923A-5B54A0A7370C}"
	ProjectSection(SolutionItems) = preProject
		.nuget\NuGet.Config = .nuget\NuGet.Config
		.nuget\NuGet.exe = .nuget\NuGet.exe
		.nuget\NuGet.targets = .nuget\NuGet.targets
	EndProjectSection
EndProject
Project("{FAE04EC0-301F-11D3-BF4B-00C04F79EFBC}") = "EFC.Cloud.Azure", "src\Experion.Cloud.Azure\EFC.Cloud.Azure.csproj", "{670764BC-4437-490C-906E-9428F9A98E9D}"
EndProject
Global
	GlobalSection(TeamFoundationVersionControl) = preSolution
		SccNumberOfProjects = 8
		SccEnterpriseProvider = {4CA58AB2-18FA-4F8D-95D4-32DDF27D184C}
		SccTeamFoundationServer = http://tfs.experionglobal.com/defaultcollection
		SccLocalPath0 = .
		SccProjectUniqueName1 = src\\Experion.Common.Client\\EFC.Common.Client.csproj
		SccProjectTopLevelParentUniqueName1 = EFC.Framework.sln
		SccProjectName1 = src/Experion.Common.Client
		SccLocalPath1 = src\\Experion.Common.Client
		SccProjectUniqueName2 = src\\Experion.Common.Service\\EFC.Common.Service.csproj
		SccProjectTopLevelParentUniqueName2 = EFC.Framework.sln
		SccProjectName2 = src/Experion.Common.Service
		SccLocalPath2 = src\\Experion.Common.Service
		SccProjectUniqueName3 = src\\Experion.Components\\EFC.Components.csproj
		SccProjectTopLevelParentUniqueName3 = EFC.Framework.sln
		SccProjectName3 = src/Experion.Components
		SccLocalPath3 = src\\Experion.Components
		SccProjectUniqueName4 = test\\Experion.Common.Client.Tests\\EFC.Common.Client.Tests.csproj
		SccProjectTopLevelParentUniqueName4 = EFC.Framework.sln
		SccProjectName4 = test/Experion.Common.Client.Tests
		SccLocalPath4 = test\\Experion.Common.Client.Tests
		SccProjectUniqueName5 = src\\Experion.Common.Tools\\EFC.Common.Tools.csproj
		SccProjectTopLevelParentUniqueName5 = EFC.Framework.sln
		SccProjectName5 = src/Experion.Common.Tools
		SccLocalPath5 = src\\Experion.Common.Tools
		SccProjectUniqueName6 = src\\EFC.Common.Testing\\EFC.Common.Testing.csproj
		SccProjectTopLevelParentUniqueName6 = EFC.Framework.sln
		SccProjectName6 = src/EFC.Common.Testing
		SccLocalPath6 = src\\EFC.Common.Testing
		SccProjectUniqueName7 = src\\Experion.Cloud.Azure\\EFC.Cloud.Azure.csproj
		SccProjectTopLevelParentUniqueName7 = EFC.Framework.sln
		SccProjectName7 = src/Experion.Cloud.Azure
		SccLocalPath7 = src\\Experion.Cloud.Azure
	EndGlobalSection
	GlobalSection(SolutionConfigurationPlatforms) = preSolution
		Debug|Any CPU = Debug|Any CPU
		Debug|ARM = Debug|ARM
		Debug|x64 = Debug|x64
		Debug|x86 = Debug|x86
		Release|Any CPU = Release|Any CPU
		Release|ARM = Release|ARM
		Release|x64 = Release|x64
		Release|x86 = Release|x86
	EndGlobalSection
	GlobalSection(ProjectConfigurationPlatforms) = postSolution
		{5C696C94-1FE2-4F86-9EC1-5258F60983D9}.Debug|Any CPU.ActiveCfg = Debug|Any CPU
		{5C696C94-1FE2-4F86-9EC1-5258F60983D9}.Debug|Any CPU.Build.0 = Debug|Any CPU
		{5C696C94-1FE2-4F86-9EC1-5258F60983D9}.Debug|ARM.ActiveCfg = Debug|Any CPU
		{5C696C94-1FE2-4F86-9EC1-5258F60983D9}.Debug|x64.ActiveCfg = Debug|Any CPU
		{5C696C94-1FE2-4F86-9EC1-5258F60983D9}.Debug|x86.ActiveCfg = Debug|Any CPU
		{5C696C94-1FE2-4F86-9EC1-5258F60983D9}.Release|Any CPU.ActiveCfg = Release|Any CPU
		{5C696C94-1FE2-4F86-9EC1-5258F60983D9}.Release|Any CPU.Build.0 = Release|Any CPU
		{5C696C94-1FE2-4F86-9EC1-5258F60983D9}.Release|ARM.ActiveCfg = Release|Any CPU
		{5C696C94-1FE2-4F86-9EC1-5258F60983D9}.Release|x64.ActiveCfg = Release|Any CPU
		{5C696C94-1FE2-4F86-9EC1-5258F60983D9}.Release|x86.ActiveCfg = Release|Any CPU
		{11B548B9-2C7F-48D0-BB62-1AEC63FCDD39}.Debug|Any CPU.ActiveCfg = Debug|Any CPU
		{11B548B9-2C7F-48D0-BB62-1AEC63FCDD39}.Debug|Any CPU.Build.0 = Debug|Any CPU
		{11B548B9-2C7F-48D0-BB62-1AEC63FCDD39}.Debug|ARM.ActiveCfg = Debug|Any CPU
		{11B548B9-2C7F-48D0-BB62-1AEC63FCDD39}.Debug|x64.ActiveCfg = Debug|Any CPU
		{11B548B9-2C7F-48D0-BB62-1AEC63FCDD39}.Debug|x86.ActiveCfg = Debug|Any CPU
		{11B548B9-2C7F-48D0-BB62-1AEC63FCDD39}.Release|Any CPU.ActiveCfg = Release|Any CPU
		{11B548B9-2C7F-48D0-BB62-1AEC63FCDD39}.Release|Any CPU.Build.0 = Release|Any CPU
		{11B548B9-2C7F-48D0-BB62-1AEC63FCDD39}.Release|ARM.ActiveCfg = Release|Any CPU
		{11B548B9-2C7F-48D0-BB62-1AEC63FCDD39}.Release|x64.ActiveCfg = Release|Any CPU
		{11B548B9-2C7F-48D0-BB62-1AEC63FCDD39}.Release|x86.ActiveCfg = Release|Any CPU
		{0A64EF34-CEAD-4253-ADC5-8E554E648C53}.Debug|Any CPU.ActiveCfg = Debug|Any CPU
		{0A64EF34-CEAD-4253-ADC5-8E554E648C53}.Debug|Any CPU.Build.0 = Debug|Any CPU
		{0A64EF34-CEAD-4253-ADC5-8E554E648C53}.Debug|ARM.ActiveCfg = Debug|Any CPU
		{0A64EF34-CEAD-4253-ADC5-8E554E648C53}.Debug|x64.ActiveCfg = Debug|Any CPU
		{0A64EF34-CEAD-4253-ADC5-8E554E648C53}.Debug|x86.ActiveCfg = Debug|Any CPU
		{0A64EF34-CEAD-4253-ADC5-8E554E648C53}.Release|Any CPU.ActiveCfg = Release|Any CPU
		{0A64EF34-CEAD-4253-ADC5-8E554E648C53}.Release|Any CPU.Build.0 = Release|Any CPU
		{0A64EF34-CEAD-4253-ADC5-8E554E648C53}.Release|ARM.ActiveCfg = Release|Any CPU
		{0A64EF34-CEAD-4253-ADC5-8E554E648C53}.Release|x64.ActiveCfg = Release|Any CPU
		{0A64EF34-CEAD-4253-ADC5-8E554E648C53}.Release|x86.ActiveCfg = Release|Any CPU
		{C09400A5-9860-4B30-8F3C-FF961061C3BE}.Debug|Any CPU.ActiveCfg = Debug|Any CPU
		{C09400A5-9860-4B30-8F3C-FF961061C3BE}.Debug|Any CPU.Build.0 = Debug|Any CPU
		{C09400A5-9860-4B30-8F3C-FF961061C3BE}.Debug|ARM.ActiveCfg = Debug|Any CPU
		{C09400A5-9860-4B30-8F3C-FF961061C3BE}.Debug|x64.ActiveCfg = Debug|Any CPU
		{C09400A5-9860-4B30-8F3C-FF961061C3BE}.Debug|x86.ActiveCfg = Debug|Any CPU
		{C09400A5-9860-4B30-8F3C-FF961061C3BE}.Release|Any CPU.ActiveCfg = Release|Any CPU
		{C09400A5-9860-4B30-8F3C-FF961061C3BE}.Release|Any CPU.Build.0 = Release|Any CPU
		{C09400A5-9860-4B30-8F3C-FF961061C3BE}.Release|ARM.ActiveCfg = Release|Any CPU
		{C09400A5-9860-4B30-8F3C-FF961061C3BE}.Release|x64.ActiveCfg = Release|Any CPU
		{C09400A5-9860-4B30-8F3C-FF961061C3BE}.Release|x86.ActiveCfg = Release|Any CPU
		{77222C19-4959-403A-9B0C-8D7D36E72AC9}.Debug|Any CPU.ActiveCfg = Debug|Any CPU
		{77222C19-4959-403A-9B0C-8D7D36E72AC9}.Debug|Any CPU.Build.0 = Debug|Any CPU
		{77222C19-4959-403A-9B0C-8D7D36E72AC9}.Debug|ARM.ActiveCfg = Debug|Any CPU
		{77222C19-4959-403A-9B0C-8D7D36E72AC9}.Debug|x64.ActiveCfg = Debug|Any CPU
		{77222C19-4959-403A-9B0C-8D7D36E72AC9}.Debug|x86.ActiveCfg = Debug|Any CPU
		{77222C19-4959-403A-9B0C-8D7D36E72AC9}.Release|Any CPU.ActiveCfg = Release|Any CPU
		{77222C19-4959-403A-9B0C-8D7D36E72AC9}.Release|Any CPU.Build.0 = Release|Any CPU
		{77222C19-4959-403A-9B0C-8D7D36E72AC9}.Release|ARM.ActiveCfg = Release|Any CPU
		{77222C19-4959-403A-9B0C-8D7D36E72AC9}.Release|x64.ActiveCfg = Release|Any CPU
		{77222C19-4959-403A-9B0C-8D7D36E72AC9}.Release|x86.ActiveCfg = Release|Any CPU
		{3E47C784-47B6-4056-99DF-C0D29BA5D274}.Debug|Any CPU.ActiveCfg = Debug|Any CPU
		{3E47C784-47B6-4056-99DF-C0D29BA5D274}.Debug|Any CPU.Build.0 = Debug|Any CPU
		{3E47C784-47B6-4056-99DF-C0D29BA5D274}.Debug|ARM.ActiveCfg = Debug|Any CPU
		{3E47C784-47B6-4056-99DF-C0D29BA5D274}.Debug|x64.ActiveCfg = Debug|Any CPU
		{3E47C784-47B6-4056-99DF-C0D29BA5D274}.Debug|x86.ActiveCfg = Debug|Any CPU
		{3E47C784-47B6-4056-99DF-C0D29BA5D274}.Release|Any CPU.ActiveCfg = Release|Any CPU
		{3E47C784-47B6-4056-99DF-C0D29BA5D274}.Release|Any CPU.Build.0 = Release|Any CPU
		{3E47C784-47B6-4056-99DF-C0D29BA5D274}.Release|ARM.ActiveCfg = Release|Any CPU
		{3E47C784-47B6-4056-99DF-C0D29BA5D274}.Release|x64.ActiveCfg = Release|Any CPU
		{3E47C784-47B6-4056-99DF-C0D29BA5D274}.Release|x86.ActiveCfg = Release|Any CPU
		{670764BC-4437-490C-906E-9428F9A98E9D}.Debug|Any CPU.ActiveCfg = Debug|Any CPU
		{670764BC-4437-490C-906E-9428F9A98E9D}.Debug|Any CPU.Build.0 = Debug|Any CPU
		{670764BC-4437-490C-906E-9428F9A98E9D}.Debug|ARM.ActiveCfg = Debug|Any CPU
		{670764BC-4437-490C-906E-9428F9A98E9D}.Debug|x64.ActiveCfg = Debug|Any CPU
		{670764BC-4437-490C-906E-9428F9A98E9D}.Debug|x86.ActiveCfg = Debug|Any CPU
		{670764BC-4437-490C-906E-9428F9A98E9D}.Release|Any CPU.ActiveCfg = Release|Any CPU
		{670764BC-4437-490C-906E-9428F9A98E9D}.Release|Any CPU.Build.0 = Release|Any CPU
		{670764BC-4437-490C-906E-9428F9A98E9D}.Release|ARM.ActiveCfg = Release|Any CPU
		{670764BC-4437-490C-906E-9428F9A98E9D}.Release|x64.ActiveCfg = Release|Any CPU
		{670764BC-4437-490C-906E-9428F9A98E9D}.Release|x86.ActiveCfg = Release|Any CPU
	EndGlobalSection
	GlobalSection(SolutionProperties) = preSolution
		HideSolutionNode = FALSE
	EndGlobalSection
	GlobalSection(NestedProjects) = preSolution
		{5C696C94-1FE2-4F86-9EC1-5258F60983D9} = {6327C5F9-F006-48BF-BE4E-4C7AA9033166}
		{11B548B9-2C7F-48D0-BB62-1AEC63FCDD39} = {6327C5F9-F006-48BF-BE4E-4C7AA9033166}
		{0A64EF34-CEAD-4253-ADC5-8E554E648C53} = {6327C5F9-F006-48BF-BE4E-4C7AA9033166}
		{C09400A5-9860-4B30-8F3C-FF961061C3BE} = {0C835315-D45A-4F98-BC16-80E03808969E}
		{77222C19-4959-403A-9B0C-8D7D36E72AC9} = {6327C5F9-F006-48BF-BE4E-4C7AA9033166}
		{3E47C784-47B6-4056-99DF-C0D29BA5D274} = {6327C5F9-F006-48BF-BE4E-4C7AA9033166}
		{670764BC-4437-490C-906E-9428F9A98E9D} = {6327C5F9-F006-48BF-BE4E-4C7AA9033166}
	EndGlobalSection
EndGlobal
