
Microsoft Visual Studio Solution File, Format Version 12.00
# Visual Studio 15
VisualStudioVersion = 15.0.27703.2018
MinimumVisualStudioVersion = 10.0.40219.1
Project("{2150E333-8FDC-42A3-9474-1A3956D46DE8}") = "src", "src", "{6327C5F9-F006-48BF-BE4E-4C7AA9033166}"
EndProject
Project("{2150E333-8FDC-42A3-9474-1A3956D46DE8}") = "test", "test", "{0C835315-D45A-4F98-BC16-80E03808969E}"
EndProject
Project("{2150E333-8FDC-42A3-9474-1A3956D46DE8}") = ".nuget", ".nuget", "{84209DFF-C9F1-44DC-923A-5B54A0A7370C}"
	ProjectSection(SolutionItems) = preProject
		.nuget\NuGet.Config = .nuget\NuGet.Config
		.nuget\NuGet.exe = .nuget\NuGet.exe
		.nuget\NuGet.targets = .nuget\NuGet.targets
	EndProjectSection
EndProject
Project("{FAE04EC0-301F-11D3-BF4B-00C04F79EFBC}") = "EFC.Cloud.Azure", "src\EFC.Cloud.Azure\EFC.Cloud.Azure.csproj", "{670764BC-4437-490C-906E-9428F9A98E9D}"
EndProject
Project("{FAE04EC0-301F-11D3-BF4B-00C04F79EFBC}") = "EFC.Common.Client", "src\EFC.Common.Client\EFC.Common.Client.csproj", "{5C696C94-1FE2-4F86-9EC1-5258F60983D9}"
EndProject
Project("{FAE04EC0-301F-11D3-BF4B-00C04F79EFBC}") = "EFC.Common.Service", "src\EFC.Common.Service\EFC.Common.Service.csproj", "{11B548B9-2C7F-48D0-BB62-1AEC63FCDD39}"
EndProject
Project("{FAE04EC0-301F-11D3-BF4B-00C04F79EFBC}") = "EFC.Common.Testing", "src\EFC.Common.Testing\EFC.Common.Testing.csproj", "{3E47C784-47B6-4056-99DF-C0D29BA5D274}"
EndProject
Project("{FAE04EC0-301F-11D3-BF4B-00C04F79EFBC}") = "EFC.Common.Tools", "src\EFC.Common.Tools\EFC.Common.Tools.csproj", "{77222C19-4959-403A-9B0C-8D7D36E72AC9}"
EndProject
Project("{FAE04EC0-301F-11D3-BF4B-00C04F79EFBC}") = "EFC.Components", "src\EFC.Components\EFC.Components.csproj", "{0A64EF34-CEAD-4253-ADC5-8E554E648C53}"
EndProject
Project("{FAE04EC0-301F-11D3-BF4B-00C04F79EFBC}") = "EFC.Common.Client.Tests", "test\Experion.Common.Client.Tests\EFC.Common.Client.Tests.csproj", "{C09400A5-9860-4B30-8F3C-FF961061C3BE}"
EndProject
Project("{2150E333-8FDC-42A3-9474-1A3956D46DE8}") = "package", "package", "{5CDD9FB0-9EE9-42EF-B780-AA50DA399549}"
EndProject
Project("{FAE04EC0-301F-11D3-BF4B-00C04F79EFBC}") = "EFC.Service.Package", "EFC.Service.Package\EFC.Service.Package.csproj", "{4D3FC2D6-88BD-41C4-904C-23E78A6B7953}"
EndProject
Global
	GlobalSection(SolutionConfigurationPlatforms) = preSolution
		Debug|Any CPU = Debug|Any CPU
		Debug|ARM = Debug|ARM
		Debug|x64 = Debug|x64
		Debug|x86 = Debug|x86
		Release|Any CPU = Release|Any CPU
		Release|ARM = Release|ARM
		Release|x64 = Release|x64
		Release|x86 = Release|x86
	EndGlobalSection
	GlobalSection(ProjectConfigurationPlatforms) = postSolution
		{670764BC-4437-490C-906E-9428F9A98E9D}.Debug|Any CPU.ActiveCfg = Debug|Any CPU
		{670764BC-4437-490C-906E-9428F9A98E9D}.Debug|Any CPU.Build.0 = Debug|Any CPU
		{670764BC-4437-490C-906E-9428F9A98E9D}.Debug|ARM.ActiveCfg = Debug|Any CPU
		{670764BC-4437-490C-906E-9428F9A98E9D}.Debug|x64.ActiveCfg = Debug|Any CPU
		{670764BC-4437-490C-906E-9428F9A98E9D}.Debug|x86.ActiveCfg = Debug|Any CPU
		{670764BC-4437-490C-906E-9428F9A98E9D}.Release|Any CPU.ActiveCfg = Release|Any CPU
		{670764BC-4437-490C-906E-9428F9A98E9D}.Release|Any CPU.Build.0 = Release|Any CPU
		{670764BC-4437-490C-906E-9428F9A98E9D}.Release|ARM.ActiveCfg = Release|Any CPU
		{670764BC-4437-490C-906E-9428F9A98E9D}.Release|x64.ActiveCfg = Release|Any CPU
		{670764BC-4437-490C-906E-9428F9A98E9D}.Release|x86.ActiveCfg = Release|Any CPU
		{5C696C94-1FE2-4F86-9EC1-5258F60983D9}.Debug|Any CPU.ActiveCfg = Debug|Any CPU
		{5C696C94-1FE2-4F86-9EC1-5258F60983D9}.Debug|Any CPU.Build.0 = Debug|Any CPU
		{5C696C94-1FE2-4F86-9EC1-5258F60983D9}.Debug|ARM.ActiveCfg = Debug|Any CPU
		{5C696C94-1FE2-4F86-9EC1-5258F60983D9}.Debug|x64.ActiveCfg = Debug|Any CPU
		{5C696C94-1FE2-4F86-9EC1-5258F60983D9}.Debug|x86.ActiveCfg = Debug|Any CPU
		{5C696C94-1FE2-4F86-9EC1-5258F60983D9}.Release|Any CPU.ActiveCfg = Release|Any CPU
		{5C696C94-1FE2-4F86-9EC1-5258F60983D9}.Release|Any CPU.Build.0 = Release|Any CPU
		{5C696C94-1FE2-4F86-9EC1-5258F60983D9}.Release|ARM.ActiveCfg = Release|Any CPU
		{5C696C94-1FE2-4F86-9EC1-5258F60983D9}.Release|x64.ActiveCfg = Release|Any CPU
		{5C696C94-1FE2-4F86-9EC1-5258F60983D9}.Release|x86.ActiveCfg = Release|Any CPU
		{11B548B9-2C7F-48D0-BB62-1AEC63FCDD39}.Debug|Any CPU.ActiveCfg = Debug|Any CPU
		{11B548B9-2C7F-48D0-BB62-1AEC63FCDD39}.Debug|Any CPU.Build.0 = Debug|Any CPU
		{11B548B9-2C7F-48D0-BB62-1AEC63FCDD39}.Debug|ARM.ActiveCfg = Debug|Any CPU
		{11B548B9-2C7F-48D0-BB62-1AEC63FCDD39}.Debug|x64.ActiveCfg = Debug|Any CPU
		{11B548B9-2C7F-48D0-BB62-1AEC63FCDD39}.Debug|x86.ActiveCfg = Debug|Any CPU
		{11B548B9-2C7F-48D0-BB62-1AEC63FCDD39}.Release|Any CPU.ActiveCfg = Release|Any CPU
		{11B548B9-2C7F-48D0-BB62-1AEC63FCDD39}.Release|Any CPU.Build.0 = Release|Any CPU
		{11B548B9-2C7F-48D0-BB62-1AEC63FCDD39}.Release|ARM.ActiveCfg = Release|Any CPU
		{11B548B9-2C7F-48D0-BB62-1AEC63FCDD39}.Release|x64.ActiveCfg = Release|Any CPU
		{11B548B9-2C7F-48D0-BB62-1AEC63FCDD39}.Release|x86.ActiveCfg = Release|Any CPU
		{3E47C784-47B6-4056-99DF-C0D29BA5D274}.Debug|Any CPU.ActiveCfg = Debug|Any CPU
		{3E47C784-47B6-4056-99DF-C0D29BA5D274}.Debug|Any CPU.Build.0 = Debug|Any CPU
		{3E47C784-47B6-4056-99DF-C0D29BA5D274}.Debug|ARM.ActiveCfg = Debug|Any CPU
		{3E47C784-47B6-4056-99DF-C0D29BA5D274}.Debug|x64.ActiveCfg = Debug|Any CPU
		{3E47C784-47B6-4056-99DF-C0D29BA5D274}.Debug|x86.ActiveCfg = Debug|Any CPU
		{3E47C784-47B6-4056-99DF-C0D29BA5D274}.Release|Any CPU.ActiveCfg = Release|Any CPU
		{3E47C784-47B6-4056-99DF-C0D29BA5D274}.Release|Any CPU.Build.0 = Release|Any CPU
		{3E47C784-47B6-4056-99DF-C0D29BA5D274}.Release|ARM.ActiveCfg = Release|Any CPU
		{3E47C784-47B6-4056-99DF-C0D29BA5D274}.Release|x64.ActiveCfg = Release|Any CPU
		{3E47C784-47B6-4056-99DF-C0D29BA5D274}.Release|x86.ActiveCfg = Release|Any CPU
		{77222C19-4959-403A-9B0C-8D7D36E72AC9}.Debug|Any CPU.ActiveCfg = Debug|Any CPU
		{77222C19-4959-403A-9B0C-8D7D36E72AC9}.Debug|Any CPU.Build.0 = Debug|Any CPU
		{77222C19-4959-403A-9B0C-8D7D36E72AC9}.Debug|ARM.ActiveCfg = Debug|Any CPU
		{77222C19-4959-403A-9B0C-8D7D36E72AC9}.Debug|x64.ActiveCfg = Debug|Any CPU
		{77222C19-4959-403A-9B0C-8D7D36E72AC9}.Debug|x86.ActiveCfg = Debug|Any CPU
		{77222C19-4959-403A-9B0C-8D7D36E72AC9}.Release|Any CPU.ActiveCfg = Release|Any CPU
		{77222C19-4959-403A-9B0C-8D7D36E72AC9}.Release|Any CPU.Build.0 = Release|Any CPU
		{77222C19-4959-403A-9B0C-8D7D36E72AC9}.Release|ARM.ActiveCfg = Release|Any CPU
		{77222C19-4959-403A-9B0C-8D7D36E72AC9}.Release|x64.ActiveCfg = Release|Any CPU
		{77222C19-4959-403A-9B0C-8D7D36E72AC9}.Release|x86.ActiveCfg = Release|Any CPU
		{0A64EF34-CEAD-4253-ADC5-8E554E648C53}.Debug|Any CPU.ActiveCfg = Debug|Any CPU
		{0A64EF34-CEAD-4253-ADC5-8E554E648C53}.Debug|Any CPU.Build.0 = Debug|Any CPU
		{0A64EF34-CEAD-4253-ADC5-8E554E648C53}.Debug|ARM.ActiveCfg = Debug|Any CPU
		{0A64EF34-CEAD-4253-ADC5-8E554E648C53}.Debug|x64.ActiveCfg = Debug|Any CPU
		{0A64EF34-CEAD-4253-ADC5-8E554E648C53}.Debug|x86.ActiveCfg = Debug|Any CPU
		{0A64EF34-CEAD-4253-ADC5-8E554E648C53}.Release|Any CPU.ActiveCfg = Release|Any CPU
		{0A64EF34-CEAD-4253-ADC5-8E554E648C53}.Release|Any CPU.Build.0 = Release|Any CPU
		{0A64EF34-CEAD-4253-ADC5-8E554E648C53}.Release|ARM.ActiveCfg = Release|Any CPU
		{0A64EF34-CEAD-4253-ADC5-8E554E648C53}.Release|x64.ActiveCfg = Release|Any CPU
		{0A64EF34-CEAD-4253-ADC5-8E554E648C53}.Release|x86.ActiveCfg = Release|Any CPU
		{C09400A5-9860-4B30-8F3C-FF961061C3BE}.Debug|Any CPU.ActiveCfg = Debug|Any CPU
		{C09400A5-9860-4B30-8F3C-FF961061C3BE}.Debug|Any CPU.Build.0 = Debug|Any CPU
		{C09400A5-9860-4B30-8F3C-FF961061C3BE}.Debug|ARM.ActiveCfg = Debug|Any CPU
		{C09400A5-9860-4B30-8F3C-FF961061C3BE}.Debug|x64.ActiveCfg = Debug|Any CPU
		{C09400A5-9860-4B30-8F3C-FF961061C3BE}.Debug|x86.ActiveCfg = Debug|Any CPU
		{C09400A5-9860-4B30-8F3C-FF961061C3BE}.Release|Any CPU.ActiveCfg = Release|Any CPU
		{C09400A5-9860-4B30-8F3C-FF961061C3BE}.Release|Any CPU.Build.0 = Release|Any CPU
		{C09400A5-9860-4B30-8F3C-FF961061C3BE}.Release|ARM.ActiveCfg = Release|Any CPU
		{C09400A5-9860-4B30-8F3C-FF961061C3BE}.Release|x64.ActiveCfg = Release|Any CPU
		{C09400A5-9860-4B30-8F3C-FF961061C3BE}.Release|x86.ActiveCfg = Release|Any CPU
		{4D3FC2D6-88BD-41C4-904C-23E78A6B7953}.Debug|Any CPU.ActiveCfg = Debug|Any CPU
		{4D3FC2D6-88BD-41C4-904C-23E78A6B7953}.Debug|Any CPU.Build.0 = Debug|Any CPU
		{4D3FC2D6-88BD-41C4-904C-23E78A6B7953}.Debug|ARM.ActiveCfg = Debug|Any CPU
		{4D3FC2D6-88BD-41C4-904C-23E78A6B7953}.Debug|ARM.Build.0 = Debug|Any CPU
		{4D3FC2D6-88BD-41C4-904C-23E78A6B7953}.Debug|x64.ActiveCfg = Debug|Any CPU
		{4D3FC2D6-88BD-41C4-904C-23E78A6B7953}.Debug|x64.Build.0 = Debug|Any CPU
		{4D3FC2D6-88BD-41C4-904C-23E78A6B7953}.Debug|x86.ActiveCfg = Debug|Any CPU
		{4D3FC2D6-88BD-41C4-904C-23E78A6B7953}.Debug|x86.Build.0 = Debug|Any CPU
		{4D3FC2D6-88BD-41C4-904C-23E78A6B7953}.Release|Any CPU.ActiveCfg = Release|Any CPU
		{4D3FC2D6-88BD-41C4-904C-23E78A6B7953}.Release|Any CPU.Build.0 = Release|Any CPU
		{4D3FC2D6-88BD-41C4-904C-23E78A6B7953}.Release|ARM.ActiveCfg = Release|Any CPU
		{4D3FC2D6-88BD-41C4-904C-23E78A6B7953}.Release|ARM.Build.0 = Release|Any CPU
		{4D3FC2D6-88BD-41C4-904C-23E78A6B7953}.Release|x64.ActiveCfg = Release|Any CPU
		{4D3FC2D6-88BD-41C4-904C-23E78A6B7953}.Release|x64.Build.0 = Release|Any CPU
		{4D3FC2D6-88BD-41C4-904C-23E78A6B7953}.Release|x86.ActiveCfg = Release|Any CPU
		{4D3FC2D6-88BD-41C4-904C-23E78A6B7953}.Release|x86.Build.0 = Release|Any CPU
	EndGlobalSection
	GlobalSection(SolutionProperties) = preSolution
		HideSolutionNode = FALSE
	EndGlobalSection
	GlobalSection(NestedProjects) = preSolution
		{670764BC-4437-490C-906E-9428F9A98E9D} = {6327C5F9-F006-48BF-BE4E-4C7AA9033166}
		{5C696C94-1FE2-4F86-9EC1-5258F60983D9} = {6327C5F9-F006-48BF-BE4E-4C7AA9033166}
		{11B548B9-2C7F-48D0-BB62-1AEC63FCDD39} = {6327C5F9-F006-48BF-BE4E-4C7AA9033166}
		{3E47C784-47B6-4056-99DF-C0D29BA5D274} = {6327C5F9-F006-48BF-BE4E-4C7AA9033166}
		{77222C19-4959-403A-9B0C-8D7D36E72AC9} = {6327C5F9-F006-48BF-BE4E-4C7AA9033166}
		{0A64EF34-CEAD-4253-ADC5-8E554E648C53} = {6327C5F9-F006-48BF-BE4E-4C7AA9033166}
		{C09400A5-9860-4B30-8F3C-FF961061C3BE} = {0C835315-D45A-4F98-BC16-80E03808969E}
		{4D3FC2D6-88BD-41C4-904C-23E78A6B7953} = {5CDD9FB0-9EE9-42EF-B780-AA50DA399549}
	EndGlobalSection
	GlobalSection(ExtensibilityGlobals) = postSolution
		SolutionGuid = {4E0D36B4-99CD-47E6-9BED-3E8D149C3847}
		EnterpriseLibraryConfigurationToolBinariesPathV6 = packages\EnterpriseLibrary.Common.6.0.1304.0\lib\NET45;packages\EnterpriseLibrary.Logging.6.0.1304.0\lib\NET45;packages\EnterpriseLibrary.ExceptionHandling.6.0.1304.0\lib\NET45;packages\EnterpriseLibrary.Validation.6.0.1304.0\lib\NET45
	EndGlobalSection
EndGlobal
